Microsoft Visual Studio Solution File, Format Version 12.00
# Visual Studio Version 17
VisualStudioVersion = 17.13.35825.156
MinimumVisualStudioVersion = 10.0.40219.1
Project("{FAE04EC0-301F-11D3-BF4B-00C04F79EFBC}") = "DockerProxy", "src\DockerProxy\DockerProxy.csproj", "{3DFAE55E-9AC0-4682-A608-4678848A1FCD}"
EndProject
Project("{2150E333-8FDC-42A3-9474-1A3956D46DE8}") = "doc", "doc", "{02EA681E-C7D8-13C7-8484-4AC65E1B71E8}"
	ProjectSection(SolutionItems) = preProject
		scripts\docker-upgrade.sh = scripts\docker-upgrade.sh
		README.md = README.md
	EndProjectSection
EndProject
Global
	GlobalSection(SolutionConfigurationPlatforms) = preSolution
		Debug|Any CPU = Debug|Any CPU
		Release|Any CPU = Release|Any CPU
	EndGlobalSection
	GlobalSection(ProjectConfigurationPlatforms) = postSolution
		{3DFAE55E-9AC0-4682-A608-4678848A1FCD}.Debug|Any CPU.ActiveCfg = Debug|Any CPU
		{3DFAE55E-9AC0-4682-A608-4678848A1FCD}.Debug|Any CPU.Build.0 = Debug|Any CPU
		{3DFAE55E-9AC0-4682-A608-4678848A1FCD}.Release|Any CPU.ActiveCfg = Release|Any CPU
		{3DFAE55E-9AC0-4682-A608-4678848A1FCD}.Release|Any CPU.Build.0 = Release|Any CPU
	EndGlobalSection
	GlobalSection(SolutionProperties) = preSolution
		HideSolutionNode = FALSE
	EndGlobalSection
	GlobalSection(ExtensibilityGlobals) = postSolution
		SolutionGuid = {CA6345CF-4F19-4E9B-96E0-281592018061}
	EndGlobalSection
EndGlobal
